// !$*UTF8*$!
{
	archiveVersion = 1;
	classes = {
	};
	objectVersion = 46;
	objects = {

/* Begin PBXBuildFile section */
		9B4970DE1BFCF63E00A52583 /* AppDelegate.swift in Sources */ = {isa = PBXBuildFile; fileRef = 9B4970DD1BFCF63E00A52583 /* AppDelegate.swift */; };
		9B4970E01BFCF63E00A52583 /* ViewController.swift in Sources */ = {isa = PBXBuildFile; fileRef = 9B4970DF1BFCF63E00A52583 /* ViewController.swift */; };
		9B4970E31BFCF63E00A52583 /* Main.storyboard in Resources */ = {isa = PBXBuildFile; fileRef = 9B4970E11BFCF63E00A52583 /* Main.storyboard */; };
		9B4970E51BFCF63F00A52583 /* Assets.xcassets in Resources */ = {isa = PBXBuildFile; fileRef = 9B4970E41BFCF63F00A52583 /* Assets.xcassets */; };
		9B4970E81BFCF63F00A52583 /* LaunchScreen.storyboard in Resources */ = {isa = PBXBuildFile; fileRef = 9B4970E61BFCF63F00A52583 /* LaunchScreen.storyboard */; };
		9B4970F31BFCF63F00A52583 /* HamburguesasTests.swift in Sources */ = {isa = PBXBuildFile; fileRef = 9B4970F21BFCF63F00A52583 /* HamburguesasTests.swift */; };
		9B4970FE1BFCF63F00A52583 /* HamburguesasUITests.swift in Sources */ = {isa = PBXBuildFile; fileRef = 9B4970FD1BFCF63F00A52583 /* HamburguesasUITests.swift */; };
		9B49710C1BFCF6AA00A52583 /* Datos.swift in Sources */ = {isa = PBXBuildFile; fileRef = 9B49710B1BFCF6AA00A52583 /* Datos.swift */; };
/* End PBXBuildFile section */

/* Begin PBXContainerItemProxy section */
		9B4970EF1BFCF63F00A52583 /* PBXContainerItemProxy */ = {
			isa = PBXContainerItemProxy;
			containerPortal = 9B4970D21BFCF63E00A52583 /* Project object */;
			proxyType = 1;
			remoteGlobalIDString = 9B4970D91BFCF63E00A52583;
			remoteInfo = Hamburguesas;
		};
		9B4970FA1BFCF63F00A52583 /* PBXContainerItemProxy */ = {
			isa = PBXContainerItemProxy;
			containerPortal = 9B4970D21BFCF63E00A52583 /* Project object */;
			proxyType = 1;
			remoteGlobalIDString = 9B4970D91BFCF63E00A52583;
			remoteInfo = Hamburguesas;
		};
/* End PBXContainerItemProxy section */

/* Begin PBXFileReference section */
		9B4970DA1BFCF63E00A52583 /* Hamburguesas.app */ = {isa = PBXFileReference; explicitFileType = wrapper.application; includeInIndex = 0; path = Hamburguesas.app; sourceTree = BUILT_PRODUCTS_DIR; };
		9B4970DD1BFCF63E00A52583 /* AppDelegate.swift */ = {isa = PBXFileReference; lastKnownFileType = sourcecode.swift; path = AppDelegate.swift; sourceTree = "<group>"; };
		9B4970DF1BFCF63E00A52583 /* ViewController.swift */ = {isa = PBXFileReference; lastKnownFileType = sourcecode.swift; path = ViewController.swift; sourceTree = "<group>"; };
		9B4970E21BFCF63E00A52583 /* Base */ = {isa = PBXFileReference; lastKnownFileType = file.storyboard; name = Base; path = Base.lproj/Main.storyboard; sourceTree = "<group>"; };
		9B4970E41BFCF63F00A52583 /* Assets.xcassets */ = {isa = PBXFileReference; lastKnownFileType = folder.assetcatalog; path = Assets.xcassets; sourceTree = "<group>"; };
		9B4970E71BFCF63F00A52583 /* Base */ = {isa = PBXFileReference; lastKnownFileType = file.storyboard; name = Base; path = Base.lproj/LaunchScreen.storyboard; sourceTree = "<group>"; };
		9B4970E91BFCF63F00A52583 /* Info.plist */ = {isa = PBXFileReference; lastKnownFileType = text.plist.xml; path = Info.plist; sourceTree = "<group>"; };
		9B4970EE1BFCF63F00A52583 /* HamburguesasTests.xctest */ = {isa = PBXFileReference; explicitFileType = wrapper.cfbundle; includeInIndex = 0; path = HamburguesasTests.xctest; sourceTree = BUILT_PRODUCTS_DIR; };
		9B4970F21BFCF63F00A52583 /* HamburguesasTests.swift */ = {isa = PBXFileReference; lastKnownFileType = sourcecode.swift; path = HamburguesasTests.swift; sourceTree = "<group>"; };
		9B4970F41BFCF63F00A52583 /* Info.plist */ = {isa = PBXFileReference; lastKnownFileType = text.plist.xml; path = Info.plist; sourceTree = "<group>"; };
		9B4970F91BFCF63F00A52583 /* HamburguesasUITests.xctest */ = {isa = PBXFileReference; explicitFileType = wrapper.cfbundle; includeInIndex = 0; path = HamburguesasUITests.xctest; sourceTree = BUILT_PRODUCTS_DIR; };
		9B4970FD1BFCF63F00A52583 /* HamburguesasUITests.swift */ = {isa = PBXFileReference; lastKnownFileType = sourcecode.swift; path = HamburguesasUITests.swift; sourceTree = "<group>"; };
		9B4970FF1BFCF63F00A52583 /* Info.plist */ = {isa = PBXFileReference; lastKnownFileType = text.plist.xml; path = Info.plist; sourceTree = "<group>"; };
		9B49710B1BFCF6AA00A52583 /* Datos.swift */ = {isa = PBXFileReference; fileEncoding = 4; lastKnownFileType = sourcecode.swift; path = Datos.swift; sourceTree = "<group>"; };
/* End PBXFileReference section */

/* Begin PBXFrameworksBuildPhase section */
		9B4970D71BFCF63E00A52583 /* Frameworks */ = {
			isa = PBXFrameworksBuildPhase;
			buildActionMask = 2147483647;
			files = (
			);
			runOnlyForDeploymentPostprocessing = 0;
		};
		9B4970EB1BFCF63F00A52583 /* Frameworks */ = {
			isa = PBXFrameworksBuildPhase;
			buildActionMask = 2147483647;
			files = (
			);
			runOnlyForDeploymentPostprocessing = 0;
		};
		9B4970F61BFCF63F00A52583 /* Frameworks */ = {
			isa = PBXFrameworksBuildPhase;
			buildActionMask = 2147483647;
			files = (
			);
			runOnlyForDeploymentPostprocessing = 0;
		};
/* End PBXFrameworksBuildPhase section */

/* Begin PBXGroup section */
		9B4970D11BFCF63E00A52583 = {
			isa = PBXGroup;
			children = (
				9B4970DC1BFCF63E00A52583 /* Hamburguesas */,
				9B4970F11BFCF63F00A52583 /* HamburguesasTests */,
				9B4970FC1BFCF63F00A52583 /* HamburguesasUITests */,
				9B4970DB1BFCF63E00A52583 /* Products */,
			);
			sourceTree = "<group>";
		};
		9B4970DB1BFCF63E00A52583 /* Products */ = {
			isa = PBXGroup;
			children = (
				9B4970DA1BFCF63E00A52583 /* Hamburguesas.app */,
				9B4970EE1BFCF63F00A52583 /* HamburguesasTests.xctest */,
				9B4970F91BFCF63F00A52583 /* HamburguesasUITests.xctest */,
			);
			name = Products;
			sourceTree = "<group>";
		};
		9B4970DC1BFCF63E00A52583 /* Hamburguesas */ = {
			isa = PBXGroup;
			children = (
				9B4970DD1BFCF63E00A52583 /* AppDelegate.swift */,
				9B49710B1BFCF6AA00A52583 /* Datos.swift */,
				9B4970DF1BFCF63E00A52583 /* ViewController.swift */,
				9B4970E11BFCF63E00A52583 /* Main.storyboard */,
				9B4970E41BFCF63F00A52583 /* Assets.xcassets */,
				9B4970E61BFCF63F00A52583 /* LaunchScreen.storyboard */,
				9B4970E91BFCF63F00A52583 /* Info.plist */,
			);
			path = Hamburguesas;
			sourceTree = "<group>";
		};
		9B4970F11BFCF63F00A52583 /* HamburguesasTests */ = {
			isa = PBXGroup;
			children = (
				9B4970F21BFCF63F00A52583 /* HamburguesasTests.swift */,
				9B4970F41BFCF63F00A52583 /* Info.plist */,
			);
			path = HamburguesasTests;
			sourceTree = "<group>";
		};
		9B4970FC1BFCF63F00A52583 /* HamburguesasUITests */ = {
			isa = PBXGroup;
			children = (
				9B4970FD1BFCF63F00A52583 /* HamburguesasUITests.swift */,
				9B4970FF1BFCF63F00A52583 /* Info.plist */,
			);
			path = HamburguesasUITests;
			sourceTree = "<group>";
		};
/* End PBXGroup section */

/* Begin PBXNativeTarget section */
		9B4970D91BFCF63E00A52583 /* Hamburguesas */ = {
			isa = PBXNativeTarget;
			buildConfigurationList = 9B4971021BFCF63F00A52583 /* Build configuration list for PBXNativeTarget "Hamburguesas" */;
			buildPhases = (
				9B4970D61BFCF63E00A52583 /* Sources */,
				9B4970D71BFCF63E00A52583 /* Frameworks */,
				9B4970D81BFCF63E00A52583 /* Resources */,
			);
			buildRules = (
			);
			dependencies = (
			);
			name = Hamburguesas;
			productName = Hamburguesas;
			productReference = 9B4970DA1BFCF63E00A52583 /* Hamburguesas.app */;
			productType = "com.apple.product-type.application";
		};
		9B4970ED1BFCF63F00A52583 /* HamburguesasTests */ = {
			isa = PBXNativeTarget;
			buildConfigurationList = 9B4971051BFCF63F00A52583 /* Build configuration list for PBXNativeTarget "HamburguesasTests" */;
			buildPhases = (
				9B4970EA1BFCF63F00A52583 /* Sources */,
				9B4970EB1BFCF63F00A52583 /* Frameworks */,
				9B4970EC1BFCF63F00A52583 /* Resources */,
			);
			buildRules = (
			);
			dependencies = (
				9B4970F01BFCF63F00A52583 /* PBXTargetDependency */,
			);
			name = HamburguesasTests;
			productName = HamburguesasTests;
			productReference = 9B4970EE1BFCF63F00A52583 /* HamburguesasTests.xctest */;
			productType = "com.apple.product-type.bundle.unit-test";
		};
		9B4970F81BFCF63F00A52583 /* HamburguesasUITests */ = {
			isa = PBXNativeTarget;
			buildConfigurationList = 9B4971081BFCF63F00A52583 /* Build configuration list for PBXNativeTarget "HamburguesasUITests" */;
			buildPhases = (
				9B4970F51BFCF63F00A52583 /* Sources */,
				9B4970F61BFCF63F00A52583 /* Frameworks */,
				9B4970F71BFCF63F00A52583 /* Resources */,
			);
			buildRules = (
			);
			dependencies = (
				9B4970FB1BFCF63F00A52583 /* PBXTargetDependency */,
			);
			name = HamburguesasUITests;
			productName = HamburguesasUITests;
			productReference = 9B4970F91BFCF63F00A52583 /* HamburguesasUITests.xctest */;
			productType = "com.apple.product-type.bundle.ui-testing";
		};
/* End PBXNativeTarget section */

/* Begin PBXProject section */
		9B4970D21BFCF63E00A52583 /* Project object */ = {
			isa = PBXProject;
			attributes = {
				LastSwiftUpdateCheck = 0710;
				LastUpgradeCheck = 0710;
				ORGANIZATIONNAME = "Ximo Cerdà";
				TargetAttributes = {
					9B4970D91BFCF63E00A52583 = {
						CreatedOnToolsVersion = 7.1;
					};
					9B4970ED1BFCF63F00A52583 = {
						CreatedOnToolsVersion = 7.1;
						TestTargetID = 9B4970D91BFCF63E00A52583;
					};
					9B4970F81BFCF63F00A52583 = {
						CreatedOnToolsVersion = 7.1;
						TestTargetID = 9B4970D91BFCF63E00A52583;
					};
				};
			};
			buildConfigurationList = 9B4970D51BFCF63E00A52583 /* Build configuration list for PBXProject "Hamburguesas" */;
			compatibilityVersion = "Xcode 3.2";
			developmentRegion = English;
			hasScannedForEncodings = 0;
			knownRegions = (
				en,
				Base,
			);
			mainGroup = 9B4970D11BFCF63E00A52583;
			productRefGroup = 9B4970DB1BFCF63E00A52583 /* Products */;
			projectDirPath = "";
			projectRoot = "";
			targets = (
				9B4970D91BFCF63E00A52583 /* Hamburguesas */,
				9B4970ED1BFCF63F00A52583 /* HamburguesasTests */,
				9B4970F81BFCF63F00A52583 /* HamburguesasUITests */,
			);
		};
/* End PBXProject section */

/* Begin PBXResourcesBuildPhase section */
		9B4970D81BFCF63E00A52583 /* Resources */ = {
			isa = PBXResourcesBuildPhase;
			buildActionMask = 2147483647;
			files = (
				9B4970E81BFCF63F00A52583 /* LaunchScreen.storyboard in Resources */,
				9B4970E51BFCF63F00A52583 /* Assets.xcassets in Resources */,
				9B4970E31BFCF63E00A52583 /* Main.storyboard in Resources */,
			);
			runOnlyForDeploymentPostprocessing = 0;
		};
		9B4970EC1BFCF63F00A52583 /* Resources */ = {
			isa = PBXResourcesBuildPhase;
			buildActionMask = 2147483647;
			files = (
			);
			runOnlyForDeploymentPostprocessing = 0;
		};
		9B4970F71BFCF63F00A52583 /* Resources */ = {
			isa = PBXResourcesBuildPhase;
			buildActionMask = 2147483647;
			files = (
			);
			runOnlyForDeploymentPostprocessing = 0;
		};
/* End PBXResourcesBuildPhase section */

/* Begin PBXSourcesBuildPhase section */
		9B4970D61BFCF63E00A52583 /* Sources */ = {
			isa = PBXSourcesBuildPhase;
			buildActionMask = 2147483647;
			files = (
				9B4970E01BFCF63E00A52583 /* ViewController.swift in Sources */,
				9B4970DE1BFCF63E00A52583 /* AppDelegate.swift in Sources */,
				9B49710C1BFCF6AA00A52583 /* Datos.swift in Sources */,
			);
			runOnlyForDeploymentPostprocessing = 0;
		};
		9B4970EA1BFCF63F00A52583 /* Sources */ = {
			isa = PBXSourcesBuildPhase;
			buildActionMask = 2147483647;
			files = (
				9B4970F31BFCF63F00A52583 /* HamburguesasTests.swift in Sources */,
			);
			runOnlyForDeploymentPostprocessing = 0;
		};
		9B4970F51BFCF63F00A52583 /* Sources */ = {
			isa = PBXSourcesBuildPhase;
			buildActionMask = 2147483647;
			files = (
				9B4970FE1BFCF63F00A52583 /* HamburguesasUITests.swift in Sources */,
			);
			runOnlyForDeploymentPostprocessing = 0;
		};
/* End PBXSourcesBuildPhase section */

/* Begin PBXTargetDependency section */
		9B4970F01BFCF63F00A52583 /* PBXTargetDependency */ = {
			isa = PBXTargetDependency;
			target = 9B4970D91BFCF63E00A52583 /* Hamburguesas */;
			targetProxy = 9B4970EF1BFCF63F00A52583 /* PBXContainerItemProxy */;
		};
		9B4970FB1BFCF63F00A52583 /* PBXTargetDependency */ = {
			isa = PBXTargetDependency;
			target = 9B4970D91BFCF63E00A52583 /* Hamburguesas */;
			targetProxy = 9B4970FA1BFCF63F00A52583 /* PBXContainerItemProxy */;
		};
/* End PBXTargetDependency section */

/* Begin PBXVariantGroup section */
		9B4970E11BFCF63E00A52583 /* Main.storyboard */ = {
			isa = PBXVariantGroup;
			children = (
				9B4970E21BFCF63E00A52583 /* Base */,
			);
			name = Main.storyboard;
			sourceTree = "<group>";
		};
		9B4970E61BFCF63F00A52583 /* LaunchScreen.storyboard */ = {
			isa = PBXVariantGroup;
			children = (
				9B4970E71BFCF63F00A52583 /* Base */,
			);
			name = LaunchScreen.storyboard;
			sourceTree = "<group>";
		};
/* End PBXVariantGroup section */

/* Begin XCBuildConfiguration section */
		9B4971001BFCF63F00A52583 /* Debug */ = {
			isa = XCBuildConfiguration;
			buildSettings = {
				ALWAYS_SEARCH_USER_PATHS = NO;
				CLANG_CXX_LANGUAGE_STANDARD = "gnu++0x";
				CLANG_CXX_LIBRARY = "libc++";
				CLANG_ENABLE_MODULES = YES;
				CLANG_ENABLE_OBJC_ARC = YES;
				CLANG_WARN_BOOL_CONVERSION = YES;
				CLANG_WARN_CONSTANT_CONVERSION = YES;
				CLANG_WARN_DIRECT_OBJC_ISA_USAGE = YES_ERROR;
				CLANG_WARN_EMPTY_BODY = YES;
				CLANG_WARN_ENUM_CONVERSION = YES;
				CLANG_WARN_INT_CONVERSION = YES;
				CLANG_WARN_OBJC_ROOT_CLASS = YES_ERROR;
				CLANG_WARN_UNREACHABLE_CODE = YES;
				CLANG_WARN__DUPLICATE_METHOD_MATCH = YES;
				"CODE_SIGN_IDENTITY[sdk=iphoneos*]" = "iPhone Developer";
				COPY_PHASE_STRIP = NO;
				DEBUG_INFORMATION_FORMAT = dwarf;
				ENABLE_STRICT_OBJC_MSGSEND = YES;
				ENABLE_TESTABILITY = YES;
				GCC_C_LANGUAGE_STANDARD = gnu99;
				GCC_DYNAMIC_NO_PIC = NO;
				GCC_NO_COMMON_BLOCKS = YES;
				GCC_OPTIMIZATION_LEVEL = 0;
				GCC_PREPROCESSOR_DEFINITIONS = (
					"DEBUG=1",
					"$(inherited)",
				);
				GCC_WARN_64_TO_32_BIT_CONVERSION = YES;
				GCC_WARN_ABOUT_RETURN_TYPE = YES_ERROR;
				GCC_WARN_UNDECLARED_SELECTOR = YES;
				GCC_WARN_UNINITIALIZED_AUTOS = YES_AGGRESSIVE;
				GCC_WARN_UNUSED_FUNCTION = YES;
				GCC_WARN_UNUSED_VARIABLE = YES;
				IPHONEOS_DEPLOYMENT_TARGET = 9.1;
				MTL_ENABLE_DEBUG_INFO = YES;
				ONLY_ACTIVE_ARCH = YES;
				SDKROOT = iphoneos;
				SWIFT_OPTIMIZATION_LEVEL = "-Onone";
				TARGETED_DEVICE_FAMILY = "1,2";
			};
			name = Debug;
		};
		9B4971011BFCF63F00A52583 /* Release */ = {
			isa = XCBuildConfiguration;
			buildSettings = {
				ALWAYS_SEARCH_USER_PATHS = NO;
				CLANG_CXX_LANGUAGE_STANDARD = "gnu++0x";
				CLANG_CXX_LIBRARY = "libc++";
				CLANG_ENABLE_MODULES = YES;
				CLANG_ENABLE_OBJC_ARC = YES;
				CLANG_WARN_BOOL_CONVERSION = YES;
				CLANG_WARN_CONSTANT_CONVERSION = YES;
				CLANG_WARN_DIRECT_OBJC_ISA_USAGE = YES_ERROR;
				CLANG_WARN_EMPTY_BODY = YES;
				CLANG_WARN_ENUM_CONVERSION = YES;
				CLANG_WARN_INT_CONVERSION = YES;
				CLANG_WARN_OBJC_ROOT_CLASS = YES_ERROR;
				CLANG_WARN_UNREACHABLE_CODE = YES;
				CLANG_WARN__DUPLICATE_METHOD_MATCH = YES;
				"CODE_SIGN_IDENTITY[sdk=iphoneos*]" = "iPhone Developer";
				COPY_PHASE_STRIP = NO;
				DEBUG_INFORMATION_FORMAT = "dwarf-with-dsym";
				ENABLE_NS_ASSERTIONS = NO;
				ENABLE_STRICT_OBJC_MSGSEND = YES;
				GCC_C_LANGUAGE_STANDARD = gnu99;
				GCC_NO_COMMON_BLOCKS = YES;
				GCC_WARN_64_TO_32_BIT_CONVERSION = YES;
				GCC_WARN_ABOUT_RETURN_TYPE = YES_ERROR;
				GCC_WARN_UNDECLARED_SELECTOR = YES;
				GCC_WARN_UNINITIALIZED_AUTOS = YES_AGGRESSIVE;
				GCC_WARN_UNUSED_FUNCTION = YES;
				GCC_WARN_UNUSED_VARIABLE = YES;
				IPHONEOS_DEPLOYMENT_TARGET = 9.1;
				MTL_ENABLE_DEBUG_INFO = NO;
				SDKROOT = iphoneos;
				TARGETED_DEVICE_FAMILY = "1,2";
				VALIDATE_PRODUCT = YES;
			};
			name = Release;
		};
		9B4971031BFCF63F00A52583 /* Debug */ = {
			isa = XCBuildConfiguration;
			buildSettings = {
				ASSETCATALOG_COMPILER_APPICON_NAME = AppIcon;
				INFOPLIST_FILE = Hamburguesas/Info.plist;
				LD_RUNPATH_SEARCH_PATHS = "$(inherited) @executable_path/Frameworks";
				PRODUCT_BUNDLE_IDENTIFIER = "com.ximocerda.ios-tuts.Hamburguesas";
				PRODUCT_NAME = "$(TARGET_NAME)";
			};
			name = Debug;
		};
		9B4971041BFCF63F00A52583 /* Release */ = {
			isa = XCBuildConfiguration;
			buildSettings = {
				ASSETCATALOG_COMPILER_APPICON_NAME = AppIcon;
				INFOPLIST_FILE = Hamburguesas/Info.plist;
				LD_RUNPATH_SEARCH_PATHS = "$(inherited) @executable_path/Frameworks";
				PRODUCT_BUNDLE_IDENTIFIER = "com.ximocerda.ios-tuts.Hamburguesas";
				PRODUCT_NAME = "$(TARGET_NAME)";
			};
			name = Release;
		};
		9B4971061BFCF63F00A52583 /* Debug */ = {
			isa = XCBuildConfiguration;
			buildSettings = {
				BUNDLE_LOADER = "$(TEST_HOST)";
				INFOPLIST_FILE = HamburguesasTests/Info.plist;
				LD_RUNPATH_SEARCH_PATHS = "$(inherited) @executable_path/Frameworks @loader_path/Frameworks";
				PRODUCT_BUNDLE_IDENTIFIER = "com.ximocerda.ios-tuts.HamburguesasTests";
				PRODUCT_NAME = "$(TARGET_NAME)";
				TEST_HOST = "$(BUILT_PRODUCTS_DIR)/Hamburguesas.app/Hamburguesas";
			};
			name = Debug;
		};
		9B4971071BFCF63F00A52583 /* Release */ = {
			isa = XCBuildConfiguration;
			buildSettings = {
				BUNDLE_LOADER = "$(TEST_HOST)";
				INFOPLIST_FILE = HamburguesasTests/Info.plist;
				LD_RUNPATH_SEARCH_PATHS = "$(inherited) @executable_path/Frameworks @loader_path/Frameworks";
				PRODUCT_BUNDLE_IDENTIFIER = "com.ximocerda.ios-tuts.HamburguesasTests";
				PRODUCT_NAME = "$(TARGET_NAME)";
				TEST_HOST = "$(BUILT_PRODUCTS_DIR)/Hamburguesas.app/Hamburguesas";
			};
			name = Release;
		};
		9B4971091BFCF63F00A52583 /* Debug */ = {
			isa = XCBuildConfiguration;
			buildSettings = {
				INFOPLIST_FILE = HamburguesasUITests/Info.plist;
				LD_RUNPATH_SEARCH_PATHS = "$(inherited) @executable_path/Frameworks @loader_path/Frameworks";
				PRODUCT_BUNDLE_IDENTIFIER = "com.ximocerda.ios-tuts.HamburguesasUITests";
				PRODUCT_NAME = "$(TARGET_NAME)";
				TEST_TARGET_NAME = Hamburguesas;
				USES_XCTRUNNER = YES;
			};
			name = Debug;
		};
		9B49710A1BFCF63F00A52583 /* Release */ = {
			isa = XCBuildConfiguration;
			buildSettings = {
				INFOPLIST_FILE = HamburguesasUITests/Info.plist;
				LD_RUNPATH_SEARCH_PATHS = "$(inherited) @executable_path/Frameworks @loader_path/Frameworks";
				PRODUCT_BUNDLE_IDENTIFIER = "com.ximocerda.ios-tuts.HamburguesasUITests";
				PRODUCT_NAME = "$(TARGET_NAME)";
				TEST_TARGET_NAME = Hamburguesas;
				USES_XCTRUNNER = YES;
			};
			name = Release;
		};
/* End XCBuildConfiguration section */

/* Begin XCConfigurationList section */
		9B4970D51BFCF63E00A52583 /* Build configuration list for PBXProject "Hamburguesas" */ = {
			isa = XCConfigurationList;
			buildConfigurations = (
				9B4971001BFCF63F00A52583 /* Debug */,
				9B4971011BFCF63F00A52583 /* Release */,
			);
			defaultConfigurationIsVisible = 0;
			defaultConfigurationName = Release;
		};
		9B4971021BFCF63F00A52583 /* Build configuration list for PBXNativeTarget "Hamburguesas" */ = {
			isa = XCConfigurationList;
			buildConfigurations = (
				9B4971031BFCF63F00A52583 /* Debug */,
				9B4971041BFCF63F00A52583 /* Release */,
			);
			defaultConfigurationIsVisible = 0;
		};
		9B4971051BFCF63F00A52583 /* Build configuration list for PBXNativeTarget "HamburguesasTests" */ = {
			isa = XCConfigurationList;
			buildConfigurations = (
				9B4971061BFCF63F00A52583 /* Debug */,
				9B4971071BFCF63F00A52583 /* Release */,
			);
			defaultConfigurationIsVisible = 0;
		};
		9B4971081BFCF63F00A52583 /* Build configuration list for PBXNativeTarget "HamburguesasUITests" */ = {
			isa = XCConfigurationList;
			buildConfigurations = (
				9B4971091BFCF63F00A52583 /* Debug */,
				9B49710A1BFCF63F00A52583 /* Release */,
			);
			defaultConfigurationIsVisible = 0;
		};
/* End XCConfigurationList section */
	};
	rootObject = 9B4970D21BFCF63E00A52583 /* Project object */;
}
